
Microsoft Visual Studio Solution File, Format Version 12.00
# Visual Studio 15
VisualStudioVersion = 15.0.28307.572
MinimumVisualStudioVersion = 10.0.40219.1
Project("{FAE04EC0-301F-11D3-BF4B-00C04F79EFBC}") = "RegisterProjectConsole", "RegisterProjectConsole\RegisterProjectConsole.csproj", "{1E987F88-6C63-4ADB-8E41-E389B9F1546A}"
EndProject
Project("{FAE04EC0-301F-11D3-BF4B-00C04F79EFBC}") = "RegisterProjectLibrary", "RegisterProjectLibrary\RegisterProjectLibrary.csproj", "{A51FEE45-9933-4896-BCAD-042F6AF2991B}"
EndProject
Project("{FAE04EC0-301F-11D3-BF4B-00C04F79EFBC}") = "RegisterProjectWinForm", "RegisterProjectWinForm\RegisterProjectWinForm.csproj", "{7B41871B-0680-465C-960C-2F1790C4A769}"
EndProject
Global
	GlobalSection(SolutionConfigurationPlatforms) = preSolution
		Debug|Any CPU = Debug|Any CPU
		Release|Any CPU = Release|Any CPU
	EndGlobalSection
	GlobalSection(ProjectConfigurationPlatforms) = postSolution
		{1E987F88-6C63-4ADB-8E41-E389B9F1546A}.Debug|Any CPU.ActiveCfg = Debug|Any CPU
		{1E987F88-6C63-4ADB-8E41-E389B9F1546A}.Debug|Any CPU.Build.0 = Debug|Any CPU
		{1E987F88-6C63-4ADB-8E41-E389B9F1546A}.Release|Any CPU.ActiveCfg = Release|Any CPU
		{1E987F88-6C63-4ADB-8E41-E389B9F1546A}.Release|Any CPU.Build.0 = Release|Any CPU
		{A51FEE45-9933-4896-BCAD-042F6AF2991B}.Debug|Any CPU.ActiveCfg = Debug|Any CPU
		{A51FEE45-9933-4896-BCAD-042F6AF2991B}.Debug|Any CPU.Build.0 = Debug|Any CPU
		{A51FEE45-9933-4896-BCAD-042F6AF2991B}.Release|Any CPU.ActiveCfg = Release|Any CPU
		{A51FEE45-9933-4896-BCAD-042F6AF2991B}.Release|Any CPU.Build.0 = Release|Any CPU
		{7B41871B-0680-465C-960C-2F1790C4A769}.Debug|Any CPU.ActiveCfg = Debug|Any CPU
		{7B41871B-0680-465C-960C-2F1790C4A769}.Debug|Any CPU.Build.0 = Debug|Any CPU
		{7B41871B-0680-465C-960C-2F1790C4A769}.Release|Any CPU.ActiveCfg = Release|Any CPU
		{7B41871B-0680-465C-960C-2F1790C4A769}.Release|Any CPU.Build.0 = Release|Any CPU
	EndGlobalSection
	GlobalSection(SolutionProperties) = preSolution
		HideSolutionNode = FALSE
	EndGlobalSection
	GlobalSection(ExtensibilityGlobals) = postSolution
		SolutionGuid = {D6E656BE-46F2-4D60-A222-07FB35DA0D18}
	EndGlobalSection
EndGlobal
